
Microsoft Visual Studio Solution File, Format Version 12.00
# Visual Studio Version 17
VisualStudioVersion = 17.6.33829.357
MinimumVisualStudioVersion = 10.0.40219.1
Project("{FAE04EC0-301F-11D3-BF4B-00C04F79EFBC}") = "FactoryAbstract", "FactoryAbstract\FactoryAbstract.csproj", "{A41D61F7-6D5E-4CB5-A3AB-5EBBCCCC29D6}"
EndProject
Global
	GlobalSection(SolutionConfigurationPlatforms) = preSolution
		Debug|Any CPU = Debug|Any CPU
		Release|Any CPU = Release|Any CPU
	EndGlobalSection
	GlobalSection(ProjectConfigurationPlatforms) = postSolution
		{A41D61F7-6D5E-4CB5-A3AB-5EBBCCCC29D6}.Debug|Any CPU.ActiveCfg = Debug|Any CPU
		{A41D61F7-6D5E-4CB5-A3AB-5EBBCCCC29D6}.Debug|Any CPU.Build.0 = Debug|Any CPU
		{A41D61F7-6D5E-4CB5-A3AB-5EBBCCCC29D6}.Release|Any CPU.ActiveCfg = Release|Any CPU
		{A41D61F7-6D5E-4CB5-A3AB-5EBBCCCC29D6}.Release|Any CPU.Build.0 = Release|Any CPU
	EndGlobalSection
	GlobalSection(SolutionProperties) = preSolution
		HideSolutionNode = FALSE
	EndGlobalSection
	GlobalSection(ExtensibilityGlobals) = postSolution
		SolutionGuid = {ECD60049-3B1A-4802-912B-E1BDC42E7FDF}
	EndGlobalSection
EndGlobal
